
Microsoft Visual Studio Solution File, Format Version 12.00
# Visual Studio Version 17
VisualStudioVersion = 17.5.33530.505
MinimumVisualStudioVersion = 10.0.40219.1
Project("{888888A0-9F3D-457C-B088-3A5042F75D52}") = "LagerBOT", "LagerBOT\LagerBOT.pyproj", "{E1C8CF5B-74DE-47BB-9100-229E64B822BD}"
EndProject
Global
	GlobalSection(SolutionConfigurationPlatforms) = preSolution
		Debug|Any CPU = Debug|Any CPU
		Release|Any CPU = Release|Any CPU
	EndGlobalSection
	GlobalSection(ProjectConfigurationPlatforms) = postSolution
		{E1C8CF5B-74DE-47BB-9100-229E64B822BD}.Debug|Any CPU.ActiveCfg = Debug|Any CPU
		{E1C8CF5B-74DE-47BB-9100-229E64B822BD}.Release|Any CPU.ActiveCfg = Release|Any CPU
	EndGlobalSection
	GlobalSection(SolutionProperties) = preSolution
		HideSolutionNode = FALSE
	EndGlobalSection
	GlobalSection(ExtensibilityGlobals) = postSolution
		SolutionGuid = {C47617BC-0DD1-4D84-9622-38A23029206E}
	EndGlobalSection
EndGlobal
